
Microsoft Visual Studio Solution File, Format Version 12.00
# Visual Studio 15
VisualStudioVersion = 15.0.28010.2046
MinimumVisualStudioVersion = 10.0.40219.1
Project("{9A19103F-16F7-4668-BE54-9A1E7A4F7556}") = "DotNetRu.Models.Xml", "DotNetRu.Models.Xml\DotNetRu.Models.Xml.csproj", "{8954444D-39A5-4C62-9130-A2D5E06BF260}"
EndProject
Project("{FAE04EC0-301F-11D3-BF4B-00C04F79EFBC}") = "DotNetRu.Models.Realm", "DotNetRu.Models.Realm\DotNetRu.Models.Realm.csproj", "{93B82A8A-E6C2-4BBC-93F5-3D83565CD58B}"
EndProject
Project("{FAE04EC0-301F-11D3-BF4B-00C04F79EFBC}") = "DotNetRu.Models.UI", "DotNetRu.Models.UI\DotNetRu.Models.UI.csproj", "{8F3A350F-3B8F-48D1-9B27-E6C0C78B1810}"
EndProject
Global
	GlobalSection(SolutionConfigurationPlatforms) = preSolution
		Debug|Any CPU = Debug|Any CPU
		Release|Any CPU = Release|Any CPU
	EndGlobalSection
	GlobalSection(ProjectConfigurationPlatforms) = postSolution
		{8954444D-39A5-4C62-9130-A2D5E06BF260}.Debug|Any CPU.ActiveCfg = Debug|Any CPU
		{8954444D-39A5-4C62-9130-A2D5E06BF260}.Debug|Any CPU.Build.0 = Debug|Any CPU
		{8954444D-39A5-4C62-9130-A2D5E06BF260}.Release|Any CPU.ActiveCfg = Release|Any CPU
		{8954444D-39A5-4C62-9130-A2D5E06BF260}.Release|Any CPU.Build.0 = Release|Any CPU
		{93B82A8A-E6C2-4BBC-93F5-3D83565CD58B}.Debug|Any CPU.ActiveCfg = Debug|Any CPU
		{93B82A8A-E6C2-4BBC-93F5-3D83565CD58B}.Debug|Any CPU.Build.0 = Debug|Any CPU
		{93B82A8A-E6C2-4BBC-93F5-3D83565CD58B}.Release|Any CPU.ActiveCfg = Release|Any CPU
		{93B82A8A-E6C2-4BBC-93F5-3D83565CD58B}.Release|Any CPU.Build.0 = Release|Any CPU
		{8F3A350F-3B8F-48D1-9B27-E6C0C78B1810}.Debug|Any CPU.ActiveCfg = Debug|Any CPU
		{8F3A350F-3B8F-48D1-9B27-E6C0C78B1810}.Debug|Any CPU.Build.0 = Debug|Any CPU
		{8F3A350F-3B8F-48D1-9B27-E6C0C78B1810}.Release|Any CPU.ActiveCfg = Release|Any CPU
		{8F3A350F-3B8F-48D1-9B27-E6C0C78B1810}.Release|Any CPU.Build.0 = Release|Any CPU
	EndGlobalSection
	GlobalSection(SolutionProperties) = preSolution
		HideSolutionNode = FALSE
	EndGlobalSection
	GlobalSection(ExtensibilityGlobals) = postSolution
		SolutionGuid = {2E857749-AF25-413E-9EAA-5D0FAD342464}
	EndGlobalSection
EndGlobal
